
Microsoft Visual Studio Solution File, Format Version 12.00
# Visual Studio Version 17
VisualStudioVersion = 17.14.36301.6 d17.14
MinimumVisualStudioVersion = 10.0.40219.1
Project("{FAE04EC0-301F-11D3-BF4B-00C04F79EFBC}") = "MvcMovie", "MvcMovie\MvcMovie.csproj", "{1802659F-144F-47B2-A434-E5853E196227}"
EndProject
Global
	GlobalSection(SolutionConfigurationPlatforms) = preSolution
		Debug|Any CPU = Debug|Any CPU
		Release|Any CPU = Release|Any CPU
	EndGlobalSection
	GlobalSection(ProjectConfigurationPlatforms) = postSolution
		{1802659F-144F-47B2-A434-E5853E196227}.Debug|Any CPU.ActiveCfg = Debug|Any CPU
		{1802659F-144F-47B2-A434-E5853E196227}.Debug|Any CPU.Build.0 = Debug|Any CPU
		{1802659F-144F-47B2-A434-E5853E196227}.Release|Any CPU.ActiveCfg = Release|Any CPU
		{1802659F-144F-47B2-A434-E5853E196227}.Release|Any CPU.Build.0 = Release|Any CPU
	EndGlobalSection
	GlobalSection(SolutionProperties) = preSolution
		HideSolutionNode = FALSE
	EndGlobalSection
	GlobalSection(ExtensibilityGlobals) = postSolution
		SolutionGuid = {161F571E-7395-44A3-8721-3DCC40D06DBE}
	EndGlobalSection
EndGlobal
